// !$*UTF8*$!
{
	archiveVersion = 1;
	classes = {
	};
	objectVersion = 50;
	objects = {

/* Begin PBXBuildFile section */
		E4EC071E2110BF1200D8059F /* AppDelegate.swift in Sources */ = {isa = PBXBuildFile; fileRef = E4EC071D2110BF1200D8059F /* AppDelegate.swift */; };
		E4EC07202110BF1200D8059F /* ViewController.swift in Sources */ = {isa = PBXBuildFile; fileRef = E4EC071F2110BF1200D8059F /* ViewController.swift */; };
		E4EC07232110BF1200D8059F /* Main.storyboard in Resources */ = {isa = PBXBuildFile; fileRef = E4EC07212110BF1200D8059F /* Main.storyboard */; };
		E4EC07252110BF1500D8059F /* Assets.xcassets in Resources */ = {isa = PBXBuildFile; fileRef = E4EC07242110BF1500D8059F /* Assets.xcassets */; };
		E4EC07282110BF1500D8059F /* LaunchScreen.storyboard in Resources */ = {isa = PBXBuildFile; fileRef = E4EC07262110BF1500D8059F /* LaunchScreen.storyboard */; };
		E4EC07332110BF1500D8059F /* Practise_Memorable_PlacesTests.swift in Sources */ = {isa = PBXBuildFile; fileRef = E4EC07322110BF1500D8059F /* Practise_Memorable_PlacesTests.swift */; };
		E4EC073E2110BF1500D8059F /* Practise_Memorable_PlacesUITests.swift in Sources */ = {isa = PBXBuildFile; fileRef = E4EC073D2110BF1500D8059F /* Practise_Memorable_PlacesUITests.swift */; };
		E4EC074D2110BF5F00D8059F /* CoreLocation.framework in Frameworks */ = {isa = PBXBuildFile; fileRef = E4EC074C2110BF5F00D8059F /* CoreLocation.framework */; };
		E4EC074F2110C08300D8059F /* TableViewController.swift in Sources */ = {isa = PBXBuildFile; fileRef = E4EC074E2110C08300D8059F /* TableViewController.swift */; };
/* End PBXBuildFile section */

/* Begin PBXContainerItemProxy section */
		E4EC072F2110BF1500D8059F /* PBXContainerItemProxy */ = {
			isa = PBXContainerItemProxy;
			containerPortal = E4EC07122110BF1200D8059F /* Project object */;
			proxyType = 1;
			remoteGlobalIDString = E4EC07192110BF1200D8059F;
			remoteInfo = "Practise Memorable Places";
		};
		E4EC073A2110BF1500D8059F /* PBXContainerItemProxy */ = {
			isa = PBXContainerItemProxy;
			containerPortal = E4EC07122110BF1200D8059F /* Project object */;
			proxyType = 1;
			remoteGlobalIDString = E4EC07192110BF1200D8059F;
			remoteInfo = "Practise Memorable Places";
		};
/* End PBXContainerItemProxy section */

/* Begin PBXFileReference section */
		E4EC071A2110BF1200D8059F /* Practise Memorable Places.app */ = {isa = PBXFileReference; explicitFileType = wrapper.application; includeInIndex = 0; path = "Practise Memorable Places.app"; sourceTree = BUILT_PRODUCTS_DIR; };
		E4EC071D2110BF1200D8059F /* AppDelegate.swift */ = {isa = PBXFileReference; lastKnownFileType = sourcecode.swift; path = AppDelegate.swift; sourceTree = "<group>"; };
		E4EC071F2110BF1200D8059F /* ViewController.swift */ = {isa = PBXFileReference; lastKnownFileType = sourcecode.swift; path = ViewController.swift; sourceTree = "<group>"; };
		E4EC07222110BF1200D8059F /* Base */ = {isa = PBXFileReference; lastKnownFileType = file.storyboard; name = Base; path = Base.lproj/Main.storyboard; sourceTree = "<group>"; };
		E4EC07242110BF1500D8059F /* Assets.xcassets */ = {isa = PBXFileReference; lastKnownFileType = folder.assetcatalog; path = Assets.xcassets; sourceTree = "<group>"; };
		E4EC07272110BF1500D8059F /* Base */ = {isa = PBXFileReference; lastKnownFileType = file.storyboard; name = Base; path = Base.lproj/LaunchScreen.storyboard; sourceTree = "<group>"; };
		E4EC07292110BF1500D8059F /* Info.plist */ = {isa = PBXFileReference; lastKnownFileType = text.plist.xml; path = Info.plist; sourceTree = "<group>"; };
		E4EC072E2110BF1500D8059F /* Practise Memorable PlacesTests.xctest */ = {isa = PBXFileReference; explicitFileType = wrapper.cfbundle; includeInIndex = 0; path = "Practise Memorable PlacesTests.xctest"; sourceTree = BUILT_PRODUCTS_DIR; };
		E4EC07322110BF1500D8059F /* Practise_Memorable_PlacesTests.swift */ = {isa = PBXFileReference; lastKnownFileType = sourcecode.swift; path = Practise_Memorable_PlacesTests.swift; sourceTree = "<group>"; };
		E4EC07342110BF1500D8059F /* Info.plist */ = {isa = PBXFileReference; lastKnownFileType = text.plist.xml; path = Info.plist; sourceTree = "<group>"; };
		E4EC07392110BF1500D8059F /* Practise Memorable PlacesUITests.xctest */ = {isa = PBXFileReference; explicitFileType = wrapper.cfbundle; includeInIndex = 0; path = "Practise Memorable PlacesUITests.xctest"; sourceTree = BUILT_PRODUCTS_DIR; };
		E4EC073D2110BF1500D8059F /* Practise_Memorable_PlacesUITests.swift */ = {isa = PBXFileReference; lastKnownFileType = sourcecode.swift; path = Practise_Memorable_PlacesUITests.swift; sourceTree = "<group>"; };
		E4EC073F2110BF1500D8059F /* Info.plist */ = {isa = PBXFileReference; lastKnownFileType = text.plist.xml; path = Info.plist; sourceTree = "<group>"; };
		E4EC074C2110BF5F00D8059F /* CoreLocation.framework */ = {isa = PBXFileReference; lastKnownFileType = wrapper.framework; name = CoreLocation.framework; path = System/Library/Frameworks/CoreLocation.framework; sourceTree = SDKROOT; };
		E4EC074E2110C08300D8059F /* TableViewController.swift */ = {isa = PBXFileReference; lastKnownFileType = sourcecode.swift; path = TableViewController.swift; sourceTree = "<group>"; };
/* End PBXFileReference section */

/* Begin PBXFrameworksBuildPhase section */
		E4EC07172110BF1200D8059F /* Frameworks */ = {
			isa = PBXFrameworksBuildPhase;
			buildActionMask = 2147483647;
			files = (
				E4EC074D2110BF5F00D8059F /* CoreLocation.framework in Frameworks */,
			);
			runOnlyForDeploymentPostprocessing = 0;
		};
		E4EC072B2110BF1500D8059F /* Frameworks */ = {
			isa = PBXFrameworksBuildPhase;
			buildActionMask = 2147483647;
			files = (
			);
			runOnlyForDeploymentPostprocessing = 0;
		};
		E4EC07362110BF1500D8059F /* Frameworks */ = {
			isa = PBXFrameworksBuildPhase;
			buildActionMask = 2147483647;
			files = (
			);
			runOnlyForDeploymentPostprocessing = 0;
		};
/* End PBXFrameworksBuildPhase section */

/* Begin PBXGroup section */
		E4EC07112110BF1200D8059F = {
			isa = PBXGroup;
			children = (
				E4EC071C2110BF1200D8059F /* Practise Memorable Places */,
				E4EC07312110BF1500D8059F /* Practise Memorable PlacesTests */,
				E4EC073C2110BF1500D8059F /* Practise Memorable PlacesUITests */,
				E4EC071B2110BF1200D8059F /* Products */,
				E4EC074B2110BF5F00D8059F /* Frameworks */,
			);
			sourceTree = "<group>";
		};
		E4EC071B2110BF1200D8059F /* Products */ = {
			isa = PBXGroup;
			children = (
				E4EC071A2110BF1200D8059F /* Practise Memorable Places.app */,
				E4EC072E2110BF1500D8059F /* Practise Memorable PlacesTests.xctest */,
				E4EC07392110BF1500D8059F /* Practise Memorable PlacesUITests.xctest */,
			);
			name = Products;
			sourceTree = "<group>";
		};
		E4EC071C2110BF1200D8059F /* Practise Memorable Places */ = {
			isa = PBXGroup;
			children = (
				E4EC071D2110BF1200D8059F /* AppDelegate.swift */,
				E4EC071F2110BF1200D8059F /* ViewController.swift */,
				E4EC07212110BF1200D8059F /* Main.storyboard */,
				E4EC074E2110C08300D8059F /* TableViewController.swift */,
				E4EC07242110BF1500D8059F /* Assets.xcassets */,
				E4EC07262110BF1500D8059F /* LaunchScreen.storyboard */,
				E4EC07292110BF1500D8059F /* Info.plist */,
			);
			path = "Practise Memorable Places";
			sourceTree = "<group>";
		};
		E4EC07312110BF1500D8059F /* Practise Memorable PlacesTests */ = {
			isa = PBXGroup;
			children = (
				E4EC07322110BF1500D8059F /* Practise_Memorable_PlacesTests.swift */,
				E4EC07342110BF1500D8059F /* Info.plist */,
			);
			path = "Practise Memorable PlacesTests";
			sourceTree = "<group>";
		};
		E4EC073C2110BF1500D8059F /* Practise Memorable PlacesUITests */ = {
			isa = PBXGroup;
			children = (
				E4EC073D2110BF1500D8059F /* Practise_Memorable_PlacesUITests.swift */,
				E4EC073F2110BF1500D8059F /* Info.plist */,
			);
			path = "Practise Memorable PlacesUITests";
			sourceTree = "<group>";
		};
		E4EC074B2110BF5F00D8059F /* Frameworks */ = {
			isa = PBXGroup;
			children = (
				E4EC074C2110BF5F00D8059F /* CoreLocation.framework */,
			);
			name = Frameworks;
			sourceTree = "<group>";
		};
/* End PBXGroup section */

/* Begin PBXNativeTarget section */
		E4EC07192110BF1200D8059F /* Practise Memorable Places */ = {
			isa = PBXNativeTarget;
			buildConfigurationList = E4EC07422110BF1500D8059F /* Build configuration list for PBXNativeTarget "Practise Memorable Places" */;
			buildPhases = (
				E4EC07162110BF1200D8059F /* Sources */,
				E4EC07172110BF1200D8059F /* Frameworks */,
				E4EC07182110BF1200D8059F /* Resources */,
			);
			buildRules = (
			);
			dependencies = (
			);
			name = "Practise Memorable Places";
			productName = "Practise Memorable Places";
			productReference = E4EC071A2110BF1200D8059F /* Practise Memorable Places.app */;
			productType = "com.apple.product-type.application";
		};
		E4EC072D2110BF1500D8059F /* Practise Memorable PlacesTests */ = {
			isa = PBXNativeTarget;
			buildConfigurationList = E4EC07452110BF1500D8059F /* Build configuration list for PBXNativeTarget "Practise Memorable PlacesTests" */;
			buildPhases = (
				E4EC072A2110BF1500D8059F /* Sources */,
				E4EC072B2110BF1500D8059F /* Frameworks */,
				E4EC072C2110BF1500D8059F /* Resources */,
			);
			buildRules = (
			);
			dependencies = (
				E4EC07302110BF1500D8059F /* PBXTargetDependency */,
			);
			name = "Practise Memorable PlacesTests";
			productName = "Practise Memorable PlacesTests";
			productReference = E4EC072E2110BF1500D8059F /* Practise Memorable PlacesTests.xctest */;
			productType = "com.apple.product-type.bundle.unit-test";
		};
		E4EC07382110BF1500D8059F /* Practise Memorable PlacesUITests */ = {
			isa = PBXNativeTarget;
			buildConfigurationList = E4EC07482110BF1500D8059F /* Build configuration list for PBXNativeTarget "Practise Memorable PlacesUITests" */;
			buildPhases = (
				E4EC07352110BF1500D8059F /* Sources */,
				E4EC07362110BF1500D8059F /* Frameworks */,
				E4EC07372110BF1500D8059F /* Resources */,
			);
			buildRules = (
			);
			dependencies = (
				E4EC073B2110BF1500D8059F /* PBXTargetDependency */,
			);
			name = "Practise Memorable PlacesUITests";
			productName = "Practise Memorable PlacesUITests";
			productReference = E4EC07392110BF1500D8059F /* Practise Memorable PlacesUITests.xctest */;
			productType = "com.apple.product-type.bundle.ui-testing";
		};
/* End PBXNativeTarget section */

/* Begin PBXProject section */
		E4EC07122110BF1200D8059F /* Project object */ = {
			isa = PBXProject;
			attributes = {
				LastSwiftUpdateCheck = 0940;
				LastUpgradeCheck = 0940;
				ORGANIZATIONNAME = "Mohamed Salah Zidane";
				TargetAttributes = {
					E4EC07192110BF1200D8059F = {
						CreatedOnToolsVersion = 9.4.1;
					};
					E4EC072D2110BF1500D8059F = {
						CreatedOnToolsVersion = 9.4.1;
						TestTargetID = E4EC07192110BF1200D8059F;
					};
					E4EC07382110BF1500D8059F = {
						CreatedOnToolsVersion = 9.4.1;
						TestTargetID = E4EC07192110BF1200D8059F;
					};
				};
			};
			buildConfigurationList = E4EC07152110BF1200D8059F /* Build configuration list for PBXProject "Practise Memorable Places" */;
			compatibilityVersion = "Xcode 9.3";
			developmentRegion = en;
			hasScannedForEncodings = 0;
			knownRegions = (
				en,
				Base,
			);
			mainGroup = E4EC07112110BF1200D8059F;
			productRefGroup = E4EC071B2110BF1200D8059F /* Products */;
			projectDirPath = "";
			projectRoot = "";
			targets = (
				E4EC07192110BF1200D8059F /* Practise Memorable Places */,
				E4EC072D2110BF1500D8059F /* Practise Memorable PlacesTests */,
				E4EC07382110BF1500D8059F /* Practise Memorable PlacesUITests */,
			);
		};
/* End PBXProject section */

/* Begin PBXResourcesBuildPhase section */
		E4EC07182110BF1200D8059F /* Resources */ = {
			isa = PBXResourcesBuildPhase;
			buildActionMask = 2147483647;
			files = (
				E4EC07282110BF1500D8059F /* LaunchScreen.storyboard in Resources */,
				E4EC07252110BF1500D8059F /* Assets.xcassets in Resources */,
				E4EC07232110BF1200D8059F /* Main.storyboard in Resources */,
			);
			runOnlyForDeploymentPostprocessing = 0;
		};
		E4EC072C2110BF1500D8059F /* Resources */ = {
			isa = PBXResourcesBuildPhase;
			buildActionMask = 2147483647;
			files = (
			);
			runOnlyForDeploymentPostprocessing = 0;
		};
		E4EC07372110BF1500D8059F /* Resources */ = {
			isa = PBXResourcesBuildPhase;
			buildActionMask = 2147483647;
			files = (
			);
			runOnlyForDeploymentPostprocessing = 0;
		};
/* End PBXResourcesBuildPhase section */

/* Begin PBXSourcesBuildPhase section */
		E4EC07162110BF1200D8059F /* Sources */ = {
			isa = PBXSourcesBuildPhase;
			buildActionMask = 2147483647;
			files = (
				E4EC07202110BF1200D8059F /* ViewController.swift in Sources */,
				E4EC074F2110C08300D8059F /* TableViewController.swift in Sources */,
				E4EC071E2110BF1200D8059F /* AppDelegate.swift in Sources */,
			);
			runOnlyForDeploymentPostprocessing = 0;
		};
		E4EC072A2110BF1500D8059F /* Sources */ = {
			isa = PBXSourcesBuildPhase;
			buildActionMask = 2147483647;
			files = (
				E4EC07332110BF1500D8059F /* Practise_Memorable_PlacesTests.swift in Sources */,
			);
			runOnlyForDeploymentPostprocessing = 0;
		};
		E4EC07352110BF1500D8059F /* Sources */ = {
			isa = PBXSourcesBuildPhase;
			buildActionMask = 2147483647;
			files = (
				E4EC073E2110BF1500D8059F /* Practise_Memorable_PlacesUITests.swift in Sources */,
			);
			runOnlyForDeploymentPostprocessing = 0;
		};
/* End PBXSourcesBuildPhase section */

/* Begin PBXTargetDependency section */
		E4EC07302110BF1500D8059F /* PBXTargetDependency */ = {
			isa = PBXTargetDependency;
			target = E4EC07192110BF1200D8059F /* Practise Memorable Places */;
			targetProxy = E4EC072F2110BF1500D8059F /* PBXContainerItemProxy */;
		};
		E4EC073B2110BF1500D8059F /* PBXTargetDependency */ = {
			isa = PBXTargetDependency;
			target = E4EC07192110BF1200D8059F /* Practise Memorable Places */;
			targetProxy = E4EC073A2110BF1500D8059F /* PBXContainerItemProxy */;
		};
/* End PBXTargetDependency section */

/* Begin PBXVariantGroup section */
		E4EC07212110BF1200D8059F /* Main.storyboard */ = {
			isa = PBXVariantGroup;
			children = (
				E4EC07222110BF1200D8059F /* Base */,
			);
			name = Main.storyboard;
			sourceTree = "<group>";
		};
		E4EC07262110BF1500D8059F /* LaunchScreen.storyboard */ = {
			isa = PBXVariantGroup;
			children = (
				E4EC07272110BF1500D8059F /* Base */,
			);
			name = LaunchScreen.storyboard;
			sourceTree = "<group>";
		};
/* End PBXVariantGroup section */

/* Begin XCBuildConfiguration section */
		E4EC07402110BF1500D8059F /* Debug */ = {
			isa = XCBuildConfiguration;
			buildSettings = {
				ALWAYS_SEARCH_USER_PATHS = NO;
				CLANG_ANALYZER_NONNULL = YES;
				CLANG_ANALYZER_NUMBER_OBJECT_CONVERSION = YES_AGGRESSIVE;
				CLANG_CXX_LANGUAGE_STANDARD = "gnu++14";
				CLANG_CXX_LIBRARY = "libc++";
				CLANG_ENABLE_MODULES = YES;
				CLANG_ENABLE_OBJC_ARC = YES;
				CLANG_ENABLE_OBJC_WEAK = YES;
				CLANG_WARN_BLOCK_CAPTURE_AUTORELEASING = YES;
				CLANG_WARN_BOOL_CONVERSION = YES;
				CLANG_WARN_COMMA = YES;
				CLANG_WARN_CONSTANT_CONVERSION = YES;
				CLANG_WARN_DEPRECATED_OBJC_IMPLEMENTATIONS = YES;
				CLANG_WARN_DIRECT_OBJC_ISA_USAGE = YES_ERROR;
				CLANG_WARN_DOCUMENTATION_COMMENTS = YES;
				CLANG_WARN_EMPTY_BODY = YES;
				CLANG_WARN_ENUM_CONVERSION = YES;
				CLANG_WARN_INFINITE_RECURSION = YES;
				CLANG_WARN_INT_CONVERSION = YES;
				CLANG_WARN_NON_LITERAL_NULL_CONVERSION = YES;
				CLANG_WARN_OBJC_IMPLICIT_RETAIN_SELF = YES;
				CLANG_WARN_OBJC_LITERAL_CONVERSION = YES;
				CLANG_WARN_OBJC_ROOT_CLASS = YES_ERROR;
				CLANG_WARN_RANGE_LOOP_ANALYSIS = YES;
				CLANG_WARN_STRICT_PROTOTYPES = YES;
				CLANG_WARN_SUSPICIOUS_MOVE = YES;
				CLANG_WARN_UNGUARDED_AVAILABILITY = YES_AGGRESSIVE;
				CLANG_WARN_UNREACHABLE_CODE = YES;
				CLANG_WARN__DUPLICATE_METHOD_MATCH = YES;
				CODE_SIGN_IDENTITY = "iPhone Developer";
				COPY_PHASE_STRIP = NO;
				DEBUG_INFORMATION_FORMAT = dwarf;
				ENABLE_STRICT_OBJC_MSGSEND = YES;
				ENABLE_TESTABILITY = YES;
				GCC_C_LANGUAGE_STANDARD = gnu11;
				GCC_DYNAMIC_NO_PIC = NO;
				GCC_NO_COMMON_BLOCKS = YES;
				GCC_OPTIMIZATION_LEVEL = 0;
				GCC_PREPROCESSOR_DEFINITIONS = (
					"DEBUG=1",
					"$(inherited)",
				);
				GCC_WARN_64_TO_32_BIT_CONVERSION = YES;
				GCC_WARN_ABOUT_RETURN_TYPE = YES_ERROR;
				GCC_WARN_UNDECLARED_SELECTOR = YES;
				GCC_WARN_UNINITIALIZED_AUTOS = YES_AGGRESSIVE;
				GCC_WARN_UNUSED_FUNCTION = YES;
				GCC_WARN_UNUSED_VARIABLE = YES;
				IPHONEOS_DEPLOYMENT_TARGET = 11.4;
				MTL_ENABLE_DEBUG_INFO = YES;
				ONLY_ACTIVE_ARCH = YES;
				SDKROOT = iphoneos;
				SWIFT_ACTIVE_COMPILATION_CONDITIONS = DEBUG;
				SWIFT_OPTIMIZATION_LEVEL = "-Onone";
			};
			name = Debug;
		};
		E4EC07412110BF1500D8059F /* Release */ = {
			isa = XCBuildConfiguration;
			buildSettings = {
				ALWAYS_SEARCH_USER_PATHS = NO;
				CLANG_ANALYZER_NONNULL = YES;
				CLANG_ANALYZER_NUMBER_OBJECT_CONVERSION = YES_AGGRESSIVE;
				CLANG_CXX_LANGUAGE_STANDARD = "gnu++14";
				CLANG_CXX_LIBRARY = "libc++";
				CLANG_ENABLE_MODULES = YES;
				CLANG_ENABLE_OBJC_ARC = YES;
				CLANG_ENABLE_OBJC_WEAK = YES;
				CLANG_WARN_BLOCK_CAPTURE_AUTORELEASING = YES;
				CLANG_WARN_BOOL_CONVERSION = YES;
				CLANG_WARN_COMMA = YES;
				CLANG_WARN_CONSTANT_CONVERSION = YES;
				CLANG_WARN_DEPRECATED_OBJC_IMPLEMENTATIONS = YES;
				CLANG_WARN_DIRECT_OBJC_ISA_USAGE = YES_ERROR;
				CLANG_WARN_DOCUMENTATION_COMMENTS = YES;
				CLANG_WARN_EMPTY_BODY = YES;
				CLANG_WARN_ENUM_CONVERSION = YES;
				CLANG_WARN_INFINITE_RECURSION = YES;
				CLANG_WARN_INT_CONVERSION = YES;
				CLANG_WARN_NON_LITERAL_NULL_CONVERSION = YES;
				CLANG_WARN_OBJC_IMPLICIT_RETAIN_SELF = YES;
				CLANG_WARN_OBJC_LITERAL_CONVERSION = YES;
				CLANG_WARN_OBJC_ROOT_CLASS = YES_ERROR;
				CLANG_WARN_RANGE_LOOP_ANALYSIS = YES;
				CLANG_WARN_STRICT_PROTOTYPES = YES;
				CLANG_WARN_SUSPICIOUS_MOVE = YES;
				CLANG_WARN_UNGUARDED_AVAILABILITY = YES_AGGRESSIVE;
				CLANG_WARN_UNREACHABLE_CODE = YES;
				CLANG_WARN__DUPLICATE_METHOD_MATCH = YES;
				CODE_SIGN_IDENTITY = "iPhone Developer";
				COPY_PHASE_STRIP = NO;
				DEBUG_INFORMATION_FORMAT = "dwarf-with-dsym";
				ENABLE_NS_ASSERTIONS = NO;
				ENABLE_STRICT_OBJC_MSGSEND = YES;
				GCC_C_LANGUAGE_STANDARD = gnu11;
				GCC_NO_COMMON_BLOCKS = YES;
				GCC_WARN_64_TO_32_BIT_CONVERSION = YES;
				GCC_WARN_ABOUT_RETURN_TYPE = YES_ERROR;
				GCC_WARN_UNDECLARED_SELECTOR = YES;
				GCC_WARN_UNINITIALIZED_AUTOS = YES_AGGRESSIVE;
				GCC_WARN_UNUSED_FUNCTION = YES;
				GCC_WARN_UNUSED_VARIABLE = YES;
				IPHONEOS_DEPLOYMENT_TARGET = 11.4;
				MTL_ENABLE_DEBUG_INFO = NO;
				SDKROOT = iphoneos;
				SWIFT_COMPILATION_MODE = wholemodule;
				SWIFT_OPTIMIZATION_LEVEL = "-O";
				VALIDATE_PRODUCT = YES;
			};
			name = Release;
		};
		E4EC07432110BF1500D8059F /* Debug */ = {
			isa = XCBuildConfiguration;
			buildSettings = {
				ASSETCATALOG_COMPILER_APPICON_NAME = AppIcon;
				CODE_SIGN_STYLE = Automatic;
				DEVELOPMENT_TEAM = QX9AC3J6FG;
				INFOPLIST_FILE = "Practise Memorable Places/Info.plist";
				IPHONEOS_DEPLOYMENT_TARGET = 10.0;
				LD_RUNPATH_SEARCH_PATHS = (
					"$(inherited)",
					"@executable_path/Frameworks",
				);
				PRODUCT_BUNDLE_IDENTIFIER = "com.m.s.zidane.Practise-Memorable-Places";
				PRODUCT_NAME = "$(TARGET_NAME)";
				SWIFT_VERSION = 4.0;
				TARGETED_DEVICE_FAMILY = "1,2";
			};
			name = Debug;
		};
		E4EC07442110BF1500D8059F /* Release */ = {
			isa = XCBuildConfiguration;
			buildSettings = {
				ASSETCATALOG_COMPILER_APPICON_NAME = AppIcon;
				CODE_SIGN_STYLE = Automatic;
				DEVELOPMENT_TEAM = QX9AC3J6FG;
				INFOPLIST_FILE = "Practise Memorable Places/Info.plist";
				IPHONEOS_DEPLOYMENT_TARGET = 10.0;
				LD_RUNPATH_SEARCH_PATHS = (
					"$(inherited)",
					"@executable_path/Frameworks",
				);
				PRODUCT_BUNDLE_IDENTIFIER = "com.m.s.zidane.Practise-Memorable-Places";
				PRODUCT_NAME = "$(TARGET_NAME)";
				SWIFT_VERSION = 4.0;
				TARGETED_DEVICE_FAMILY = "1,2";
			};
			name = Release;
		};
		E4EC07462110BF1500D8059F /* Debug */ = {
			isa = XCBuildConfiguration;
			buildSettings = {
				ALWAYS_EMBED_SWIFT_STANDARD_LIBRARIES = YES;
				BUNDLE_LOADER = "$(TEST_HOST)";
				CODE_SIGN_STYLE = Automatic;
				DEVELOPMENT_TEAM = QX9AC3J6FG;
				INFOPLIST_FILE = "Practise Memorable PlacesTests/Info.plist";
				LD_RUNPATH_SEARCH_PATHS = (
					"$(inherited)",
					"@executable_path/Frameworks",
					"@loader_path/Frameworks",
				);
				PRODUCT_BUNDLE_IDENTIFIER = "com.m.s.zidane.Practise-Memorable-PlacesTests";
				PRODUCT_NAME = "$(TARGET_NAME)";
				SWIFT_VERSION = 4.0;
				TARGETED_DEVICE_FAMILY = "1,2";
				TEST_HOST = "$(BUILT_PRODUCTS_DIR)/Practise Memorable Places.app/Practise Memorable Places";
			};
			name = Debug;
		};
		E4EC07472110BF1500D8059F /* Release */ = {
			isa = XCBuildConfiguration;
			buildSettings = {
				ALWAYS_EMBED_SWIFT_STANDARD_LIBRARIES = YES;
				BUNDLE_LOADER = "$(TEST_HOST)";
				CODE_SIGN_STYLE = Automatic;
				DEVELOPMENT_TEAM = QX9AC3J6FG;
				INFOPLIST_FILE = "Practise Memorable PlacesTests/Info.plist";
				LD_RUNPATH_SEARCH_PATHS = (
					"$(inherited)",
					"@executable_path/Frameworks",
					"@loader_path/Frameworks",
				);
				PRODUCT_BUNDLE_IDENTIFIER = "com.m.s.zidane.Practise-Memorable-PlacesTests";
				PRODUCT_NAME = "$(TARGET_NAME)";
				SWIFT_VERSION = 4.0;
				TARGETED_DEVICE_FAMILY = "1,2";
				TEST_HOST = "$(BUILT_PRODUCTS_DIR)/Practise Memorable Places.app/Practise Memorable Places";
			};
			name = Release;
		};
		E4EC07492110BF1500D8059F /* Debug */ = {
			isa = XCBuildConfiguration;
			buildSettings = {
				ALWAYS_EMBED_SWIFT_STANDARD_LIBRARIES = YES;
				CODE_SIGN_STYLE = Automatic;
				DEVELOPMENT_TEAM = QX9AC3J6FG;
				INFOPLIST_FILE = "Practise Memorable PlacesUITests/Info.plist";
				LD_RUNPATH_SEARCH_PATHS = (
					"$(inherited)",
					"@executable_path/Frameworks",
					"@loader_path/Frameworks",
				);
				PRODUCT_BUNDLE_IDENTIFIER = "com.m.s.zidane.Practise-Memorable-PlacesUITests";
				PRODUCT_NAME = "$(TARGET_NAME)";
				SWIFT_VERSION = 4.0;
				TARGETED_DEVICE_FAMILY = "1,2";
				TEST_TARGET_NAME = "Practise Memorable Places";
			};
			name = Debug;
		};
		E4EC074A2110BF1500D8059F /* Release */ = {
			isa = XCBuildConfiguration;
			buildSettings = {
				ALWAYS_EMBED_SWIFT_STANDARD_LIBRARIES = YES;
				CODE_SIGN_STYLE = Automatic;
				DEVELOPMENT_TEAM = QX9AC3J6FG;
				INFOPLIST_FILE = "Practise Memorable PlacesUITests/Info.plist";
				LD_RUNPATH_SEARCH_PATHS = (
					"$(inherited)",
					"@executable_path/Frameworks",
					"@loader_path/Frameworks",
				);
				PRODUCT_BUNDLE_IDENTIFIER = "com.m.s.zidane.Practise-Memorable-PlacesUITests";
				PRODUCT_NAME = "$(TARGET_NAME)";
				SWIFT_VERSION = 4.0;
				TARGETED_DEVICE_FAMILY = "1,2";
				TEST_TARGET_NAME = "Practise Memorable Places";
			};
			name = Release;
		};
/* End XCBuildConfiguration section */

/* Begin XCConfigurationList section */
		E4EC07152110BF1200D8059F /* Build configuration list for PBXProject "Practise Memorable Places" */ = {
			isa = XCConfigurationList;
			buildConfigurations = (
				E4EC07402110BF1500D8059F /* Debug */,
				E4EC07412110BF1500D8059F /* Release */,
			);
			defaultConfigurationIsVisible = 0;
			defaultConfigurationName = Release;
		};
		E4EC07422110BF1500D8059F /* Build configuration list for PBXNativeTarget "Practise Memorable Places" */ = {
			isa = XCConfigurationList;
			buildConfigurations = (
				E4EC07432110BF1500D8059F /* Debug */,
				E4EC07442110BF1500D8059F /* Release */,
			);
			defaultConfigurationIsVisible = 0;
			defaultConfigurationName = Release;
		};
		E4EC07452110BF1500D8059F /* Build configuration list for PBXNativeTarget "Practise Memorable PlacesTests" */ = {
			isa = XCConfigurationList;
			buildConfigurations = (
				E4EC07462110BF1500D8059F /* Debug */,
				E4EC07472110BF1500D8059F /* Release */,
			);
			defaultConfigurationIsVisible = 0;
			defaultConfigurationName = Release;
		};
		E4EC07482110BF1500D8059F /* Build configuration list for PBXNativeTarget "Practise Memorable PlacesUITests" */ = {
			isa = XCConfigurationList;
			buildConfigurations = (
				E4EC07492110BF1500D8059F /* Debug */,
				E4EC074A2110BF1500D8059F /* Release */,
			);
			defaultConfigurationIsVisible = 0;
			defaultConfigurationName = Release;
		};
/* End XCConfigurationList section */
	};
	rootObject = E4EC07122110BF1200D8059F /* Project object */;
}
